
Microsoft Visual Studio Solution File, Format Version 12.00
# Visual Studio Version 17
VisualStudioVersion = 17.14.36623.8 d17.14
MinimumVisualStudioVersion = 10.0.40219.1
Project("{FAE04EC0-301F-11D3-BF4B-00C04F79EFBC}") = "STranslate.Plugin.Ocr.Paddle", "STranslate.Plugin.Ocr.Paddle\STranslate.Plugin.Ocr.Paddle.csproj", "{8F4A10D7-4EC5-4FE4-A626-C89A06EA27DC}"
EndProject
Global
	GlobalSection(SolutionConfigurationPlatforms) = preSolution
		Debug|Any CPU = Debug|Any CPU
		Release|Any CPU = Release|Any CPU
	EndGlobalSection
	GlobalSection(ProjectConfigurationPlatforms) = postSolution
		{8F4A10D7-4EC5-4FE4-A626-C89A06EA27DC}.Debug|Any CPU.ActiveCfg = Debug|Any CPU
		{8F4A10D7-4EC5-4FE4-A626-C89A06EA27DC}.Debug|Any CPU.Build.0 = Debug|Any CPU
		{8F4A10D7-4EC5-4FE4-A626-C89A06EA27DC}.Release|Any CPU.ActiveCfg = Release|Any CPU
		{8F4A10D7-4EC5-4FE4-A626-C89A06EA27DC}.Release|Any CPU.Build.0 = Release|Any CPU
	EndGlobalSection
	GlobalSection(SolutionProperties) = preSolution
		HideSolutionNode = FALSE
	EndGlobalSection
	GlobalSection(ExtensibilityGlobals) = postSolution
		SolutionGuid = {40CFCFA6-D0EE-47B2-A25F-C8729F2A9564}
	EndGlobalSection
EndGlobal
